
Microsoft Visual Studio Solution File, Format Version 12.00
# Visual Studio Version 16
VisualStudioVersion = 16.0.30804.86
MinimumVisualStudioVersion = 10.0.40219.1
Project("{9A19103F-16F7-4668-BE54-9A1E7A4F7556}") = "CoursePlugins", "CoursePlugins\CoursePlugins.csproj", "{021C0BDA-FDB0-4EDD-820D-4F841D74BFA8}"
EndProject
Project("{9A19103F-16F7-4668-BE54-9A1E7A4F7556}") = "TestCommand", "TestCommand\TestCommand.csproj", "{C46ECE42-4B31-4461-84ED-F58FDF001505}"
EndProject
Project("{2150E333-8FDC-42A3-9474-1A3956D46DE8}") = "RevitPlugins", "RevitPlugins", "{87B44166-3C26-4D8C-A2A5-71E9769614FE}"
EndProject
Project("{FAE04EC0-301F-11D3-BF4B-00C04F79EFBC}") = "Lesson_1_Hello", "Lesson_1_Hello\Lesson_1_Hello.csproj", "{4EA9EDF5-90C6-4913-86CA-4B4717D4551F}"
EndProject
Project("{FAE04EC0-301F-11D3-BF4B-00C04F79EFBC}") = "Lessons", "Lessons\Lessons.csproj", "{C97D5093-7C38-4EB0-A023-F77AE94B0079}"
EndProject
Project("{9A19103F-16F7-4668-BE54-9A1E7A4F7556}") = "CoursePluginsAPI", "CoursePluginsAPI\CoursePluginsAPI.csproj", "{98CE2FB4-2849-4C8F-931F-669547ACC648}"
EndProject
Global
	GlobalSection(SolutionConfigurationPlatforms) = preSolution
		Debug|Any CPU = Debug|Any CPU
		Release|Any CPU = Release|Any CPU
	EndGlobalSection
	GlobalSection(ProjectConfigurationPlatforms) = postSolution
		{021C0BDA-FDB0-4EDD-820D-4F841D74BFA8}.Debug|Any CPU.ActiveCfg = Debug|Any CPU
		{021C0BDA-FDB0-4EDD-820D-4F841D74BFA8}.Debug|Any CPU.Build.0 = Debug|Any CPU
		{021C0BDA-FDB0-4EDD-820D-4F841D74BFA8}.Release|Any CPU.ActiveCfg = Release|Any CPU
		{021C0BDA-FDB0-4EDD-820D-4F841D74BFA8}.Release|Any CPU.Build.0 = Release|Any CPU
		{C46ECE42-4B31-4461-84ED-F58FDF001505}.Debug|Any CPU.ActiveCfg = Debug|Any CPU
		{C46ECE42-4B31-4461-84ED-F58FDF001505}.Debug|Any CPU.Build.0 = Debug|Any CPU
		{C46ECE42-4B31-4461-84ED-F58FDF001505}.Release|Any CPU.ActiveCfg = Release|Any CPU
		{C46ECE42-4B31-4461-84ED-F58FDF001505}.Release|Any CPU.Build.0 = Release|Any CPU
		{4EA9EDF5-90C6-4913-86CA-4B4717D4551F}.Debug|Any CPU.ActiveCfg = Debug|Any CPU
		{4EA9EDF5-90C6-4913-86CA-4B4717D4551F}.Debug|Any CPU.Build.0 = Debug|Any CPU
		{4EA9EDF5-90C6-4913-86CA-4B4717D4551F}.Release|Any CPU.ActiveCfg = Release|Any CPU
		{4EA9EDF5-90C6-4913-86CA-4B4717D4551F}.Release|Any CPU.Build.0 = Release|Any CPU
		{C97D5093-7C38-4EB0-A023-F77AE94B0079}.Debug|Any CPU.ActiveCfg = Debug|Any CPU
		{C97D5093-7C38-4EB0-A023-F77AE94B0079}.Debug|Any CPU.Build.0 = Debug|Any CPU
		{C97D5093-7C38-4EB0-A023-F77AE94B0079}.Release|Any CPU.ActiveCfg = Release|Any CPU
		{C97D5093-7C38-4EB0-A023-F77AE94B0079}.Release|Any CPU.Build.0 = Release|Any CPU
		{98CE2FB4-2849-4C8F-931F-669547ACC648}.Debug|Any CPU.ActiveCfg = Debug|Any CPU
		{98CE2FB4-2849-4C8F-931F-669547ACC648}.Debug|Any CPU.Build.0 = Debug|Any CPU
		{98CE2FB4-2849-4C8F-931F-669547ACC648}.Release|Any CPU.ActiveCfg = Release|Any CPU
		{98CE2FB4-2849-4C8F-931F-669547ACC648}.Release|Any CPU.Build.0 = Release|Any CPU
	EndGlobalSection
	GlobalSection(SolutionProperties) = preSolution
		HideSolutionNode = FALSE
	EndGlobalSection
	GlobalSection(NestedProjects) = preSolution
		{4EA9EDF5-90C6-4913-86CA-4B4717D4551F} = {87B44166-3C26-4D8C-A2A5-71E9769614FE}
		{C97D5093-7C38-4EB0-A023-F77AE94B0079} = {87B44166-3C26-4D8C-A2A5-71E9769614FE}
	EndGlobalSection
	GlobalSection(ExtensibilityGlobals) = postSolution
		SolutionGuid = {4A0144B7-A25D-42DE-9C93-4EBE642156BD}
	EndGlobalSection
EndGlobal
